// !$*UTF8*$!
{
	archiveVersion = 1;
	classes = {
	};
	objectVersion = 50;
	objects = {

/* Begin PBXBuildFile section */
		7958A35920F0B55B00DC9C02 /* AppDelegate.swift in Sources */ = {isa = PBXBuildFile; fileRef = 7958A35820F0B55B00DC9C02 /* AppDelegate.swift */; };
		7958A35B20F0B55B00DC9C02 /* ViewController.swift in Sources */ = {isa = PBXBuildFile; fileRef = 7958A35A20F0B55B00DC9C02 /* ViewController.swift */; };
		7958A35E20F0B55B00DC9C02 /* Main.storyboard in Resources */ = {isa = PBXBuildFile; fileRef = 7958A35C20F0B55B00DC9C02 /* Main.storyboard */; };
		7958A36020F0B55D00DC9C02 /* Assets.xcassets in Resources */ = {isa = PBXBuildFile; fileRef = 7958A35F20F0B55D00DC9C02 /* Assets.xcassets */; };
		7958A36320F0B55D00DC9C02 /* LaunchScreen.storyboard in Resources */ = {isa = PBXBuildFile; fileRef = 7958A36120F0B55D00DC9C02 /* LaunchScreen.storyboard */; };
		7958A36E20F0B55D00DC9C02 /* NDropTests.swift in Sources */ = {isa = PBXBuildFile; fileRef = 7958A36D20F0B55D00DC9C02 /* NDropTests.swift */; };
		7958A37320F0B55D00DC9C02 /* NDrop WatchKit App.app in Embed Watch Content */ = {isa = PBXBuildFile; fileRef = 7958A37220F0B55D00DC9C02 /* NDrop WatchKit App.app */; };
		7958A37920F0B55D00DC9C02 /* Interface.storyboard in Resources */ = {isa = PBXBuildFile; fileRef = 7958A37720F0B55D00DC9C02 /* Interface.storyboard */; };
		7958A37B20F0B55E00DC9C02 /* Assets.xcassets in Resources */ = {isa = PBXBuildFile; fileRef = 7958A37A20F0B55E00DC9C02 /* Assets.xcassets */; };
		7958A38220F0B55E00DC9C02 /* NDrop WatchKit Extension.appex in Embed App Extensions */ = {isa = PBXBuildFile; fileRef = 7958A38120F0B55E00DC9C02 /* NDrop WatchKit Extension.appex */; settings = {ATTRIBUTES = (RemoveHeadersOnCopy, ); }; };
		7958A38720F0B55E00DC9C02 /* InterfaceController.swift in Sources */ = {isa = PBXBuildFile; fileRef = 7958A38620F0B55E00DC9C02 /* InterfaceController.swift */; };
		7958A38920F0B55E00DC9C02 /* ExtensionDelegate.swift in Sources */ = {isa = PBXBuildFile; fileRef = 7958A38820F0B55E00DC9C02 /* ExtensionDelegate.swift */; };
		7958A38B20F0B55E00DC9C02 /* ComplicationController.swift in Sources */ = {isa = PBXBuildFile; fileRef = 7958A38A20F0B55E00DC9C02 /* ComplicationController.swift */; };
		7958A38D20F0B55E00DC9C02 /* Assets.xcassets in Resources */ = {isa = PBXBuildFile; fileRef = 7958A38C20F0B55E00DC9C02 /* Assets.xcassets */; };
/* End PBXBuildFile section */

/* Begin PBXContainerItemProxy section */
		7958A36A20F0B55D00DC9C02 /* PBXContainerItemProxy */ = {
			isa = PBXContainerItemProxy;
			containerPortal = 7958A34D20F0B55A00DC9C02 /* Project object */;
			proxyType = 1;
			remoteGlobalIDString = 7958A35420F0B55A00DC9C02;
			remoteInfo = NDrop;
		};
		7958A37420F0B55D00DC9C02 /* PBXContainerItemProxy */ = {
			isa = PBXContainerItemProxy;
			containerPortal = 7958A34D20F0B55A00DC9C02 /* Project object */;
			proxyType = 1;
			remoteGlobalIDString = 7958A37120F0B55D00DC9C02;
			remoteInfo = "NDrop WatchKit App";
		};
		7958A38320F0B55E00DC9C02 /* PBXContainerItemProxy */ = {
			isa = PBXContainerItemProxy;
			containerPortal = 7958A34D20F0B55A00DC9C02 /* Project object */;
			proxyType = 1;
			remoteGlobalIDString = 7958A38020F0B55E00DC9C02;
			remoteInfo = "NDrop WatchKit Extension";
		};
/* End PBXContainerItemProxy section */

/* Begin PBXCopyFilesBuildPhase section */
		7958A39420F0B55E00DC9C02 /* Embed App Extensions */ = {
			isa = PBXCopyFilesBuildPhase;
			buildActionMask = 2147483647;
			dstPath = "";
			dstSubfolderSpec = 13;
			files = (
				7958A38220F0B55E00DC9C02 /* NDrop WatchKit Extension.appex in Embed App Extensions */,
			);
			name = "Embed App Extensions";
			runOnlyForDeploymentPostprocessing = 0;
		};
		7958A39820F0B55E00DC9C02 /* Embed Watch Content */ = {
			isa = PBXCopyFilesBuildPhase;
			buildActionMask = 2147483647;
			dstPath = "$(CONTENTS_FOLDER_PATH)/Watch";
			dstSubfolderSpec = 16;
			files = (
				7958A37320F0B55D00DC9C02 /* NDrop WatchKit App.app in Embed Watch Content */,
			);
			name = "Embed Watch Content";
			runOnlyForDeploymentPostprocessing = 0;
		};
/* End PBXCopyFilesBuildPhase section */

/* Begin PBXFileReference section */
		7958A35520F0B55B00DC9C02 /* NDrop.app */ = {isa = PBXFileReference; explicitFileType = wrapper.application; includeInIndex = 0; path = NDrop.app; sourceTree = BUILT_PRODUCTS_DIR; };
		7958A35820F0B55B00DC9C02 /* AppDelegate.swift */ = {isa = PBXFileReference; lastKnownFileType = sourcecode.swift; path = AppDelegate.swift; sourceTree = "<group>"; };
		7958A35A20F0B55B00DC9C02 /* ViewController.swift */ = {isa = PBXFileReference; lastKnownFileType = sourcecode.swift; path = ViewController.swift; sourceTree = "<group>"; };
		7958A35D20F0B55B00DC9C02 /* Base */ = {isa = PBXFileReference; lastKnownFileType = file.storyboard; name = Base; path = Base.lproj/Main.storyboard; sourceTree = "<group>"; };
		7958A35F20F0B55D00DC9C02 /* Assets.xcassets */ = {isa = PBXFileReference; lastKnownFileType = folder.assetcatalog; path = Assets.xcassets; sourceTree = "<group>"; };
		7958A36220F0B55D00DC9C02 /* Base */ = {isa = PBXFileReference; lastKnownFileType = file.storyboard; name = Base; path = Base.lproj/LaunchScreen.storyboard; sourceTree = "<group>"; };
		7958A36420F0B55D00DC9C02 /* Info.plist */ = {isa = PBXFileReference; lastKnownFileType = text.plist.xml; path = Info.plist; sourceTree = "<group>"; };
		7958A36920F0B55D00DC9C02 /* NDropTests.xctest */ = {isa = PBXFileReference; explicitFileType = wrapper.cfbundle; includeInIndex = 0; path = NDropTests.xctest; sourceTree = BUILT_PRODUCTS_DIR; };
		7958A36D20F0B55D00DC9C02 /* NDropTests.swift */ = {isa = PBXFileReference; lastKnownFileType = sourcecode.swift; path = NDropTests.swift; sourceTree = "<group>"; };
		7958A36F20F0B55D00DC9C02 /* Info.plist */ = {isa = PBXFileReference; lastKnownFileType = text.plist.xml; path = Info.plist; sourceTree = "<group>"; };
		7958A37220F0B55D00DC9C02 /* NDrop WatchKit App.app */ = {isa = PBXFileReference; explicitFileType = wrapper.application; includeInIndex = 0; path = "NDrop WatchKit App.app"; sourceTree = BUILT_PRODUCTS_DIR; };
		7958A37820F0B55D00DC9C02 /* Base */ = {isa = PBXFileReference; lastKnownFileType = file.storyboard; name = Base; path = Base.lproj/Interface.storyboard; sourceTree = "<group>"; };
		7958A37A20F0B55E00DC9C02 /* Assets.xcassets */ = {isa = PBXFileReference; lastKnownFileType = folder.assetcatalog; path = Assets.xcassets; sourceTree = "<group>"; };
		7958A37C20F0B55E00DC9C02 /* Info.plist */ = {isa = PBXFileReference; lastKnownFileType = text.plist.xml; path = Info.plist; sourceTree = "<group>"; };
		7958A38120F0B55E00DC9C02 /* NDrop WatchKit Extension.appex */ = {isa = PBXFileReference; explicitFileType = "wrapper.app-extension"; includeInIndex = 0; path = "NDrop WatchKit Extension.appex"; sourceTree = BUILT_PRODUCTS_DIR; };
		7958A38620F0B55E00DC9C02 /* InterfaceController.swift */ = {isa = PBXFileReference; lastKnownFileType = sourcecode.swift; path = InterfaceController.swift; sourceTree = "<group>"; };
		7958A38820F0B55E00DC9C02 /* ExtensionDelegate.swift */ = {isa = PBXFileReference; lastKnownFileType = sourcecode.swift; path = ExtensionDelegate.swift; sourceTree = "<group>"; };
		7958A38A20F0B55E00DC9C02 /* ComplicationController.swift */ = {isa = PBXFileReference; lastKnownFileType = sourcecode.swift; path = ComplicationController.swift; sourceTree = "<group>"; };
		7958A38C20F0B55E00DC9C02 /* Assets.xcassets */ = {isa = PBXFileReference; lastKnownFileType = folder.assetcatalog; path = Assets.xcassets; sourceTree = "<group>"; };
		7958A38E20F0B55E00DC9C02 /* Info.plist */ = {isa = PBXFileReference; lastKnownFileType = text.plist.xml; path = Info.plist; sourceTree = "<group>"; };
/* End PBXFileReference section */

/* Begin PBXFrameworksBuildPhase section */
		7958A35220F0B55A00DC9C02 /* Frameworks */ = {
			isa = PBXFrameworksBuildPhase;
			buildActionMask = 2147483647;
			files = (
			);
			runOnlyForDeploymentPostprocessing = 0;
		};
		7958A36620F0B55D00DC9C02 /* Frameworks */ = {
			isa = PBXFrameworksBuildPhase;
			buildActionMask = 2147483647;
			files = (
			);
			runOnlyForDeploymentPostprocessing = 0;
		};
		7958A37E20F0B55E00DC9C02 /* Frameworks */ = {
			isa = PBXFrameworksBuildPhase;
			buildActionMask = 2147483647;
			files = (
			);
			runOnlyForDeploymentPostprocessing = 0;
		};
/* End PBXFrameworksBuildPhase section */

/* Begin PBXGroup section */
		7958A34C20F0B55A00DC9C02 = {
			isa = PBXGroup;
			children = (
				7958A35720F0B55B00DC9C02 /* NDrop */,
				7958A36C20F0B55D00DC9C02 /* NDropTests */,
				7958A37620F0B55D00DC9C02 /* NDrop WatchKit App */,
				7958A38520F0B55E00DC9C02 /* NDrop WatchKit Extension */,
				7958A35620F0B55B00DC9C02 /* Products */,
			);
			sourceTree = "<group>";
		};
		7958A35620F0B55B00DC9C02 /* Products */ = {
			isa = PBXGroup;
			children = (
				7958A35520F0B55B00DC9C02 /* NDrop.app */,
				7958A36920F0B55D00DC9C02 /* NDropTests.xctest */,
				7958A37220F0B55D00DC9C02 /* NDrop WatchKit App.app */,
				7958A38120F0B55E00DC9C02 /* NDrop WatchKit Extension.appex */,
			);
			name = Products;
			sourceTree = "<group>";
		};
		7958A35720F0B55B00DC9C02 /* NDrop */ = {
			isa = PBXGroup;
			children = (
				7958A35820F0B55B00DC9C02 /* AppDelegate.swift */,
				7958A35A20F0B55B00DC9C02 /* ViewController.swift */,
				7958A35C20F0B55B00DC9C02 /* Main.storyboard */,
				7958A35F20F0B55D00DC9C02 /* Assets.xcassets */,
				7958A36120F0B55D00DC9C02 /* LaunchScreen.storyboard */,
				7958A36420F0B55D00DC9C02 /* Info.plist */,
			);
			path = NDrop;
			sourceTree = "<group>";
		};
		7958A36C20F0B55D00DC9C02 /* NDropTests */ = {
			isa = PBXGroup;
			children = (
				7958A36D20F0B55D00DC9C02 /* NDropTests.swift */,
				7958A36F20F0B55D00DC9C02 /* Info.plist */,
			);
			path = NDropTests;
			sourceTree = "<group>";
		};
		7958A37620F0B55D00DC9C02 /* NDrop WatchKit App */ = {
			isa = PBXGroup;
			children = (
				7958A37720F0B55D00DC9C02 /* Interface.storyboard */,
				7958A37A20F0B55E00DC9C02 /* Assets.xcassets */,
				7958A37C20F0B55E00DC9C02 /* Info.plist */,
			);
			path = "NDrop WatchKit App";
			sourceTree = "<group>";
		};
		7958A38520F0B55E00DC9C02 /* NDrop WatchKit Extension */ = {
			isa = PBXGroup;
			children = (
				7958A38620F0B55E00DC9C02 /* InterfaceController.swift */,
				7958A38820F0B55E00DC9C02 /* ExtensionDelegate.swift */,
				7958A38A20F0B55E00DC9C02 /* ComplicationController.swift */,
				7958A38C20F0B55E00DC9C02 /* Assets.xcassets */,
				7958A38E20F0B55E00DC9C02 /* Info.plist */,
			);
			path = "NDrop WatchKit Extension";
			sourceTree = "<group>";
		};
/* End PBXGroup section */

/* Begin PBXNativeTarget section */
		7958A35420F0B55A00DC9C02 /* NDrop */ = {
			isa = PBXNativeTarget;
			buildConfigurationList = 7958A39920F0B55E00DC9C02 /* Build configuration list for PBXNativeTarget "NDrop" */;
			buildPhases = (
				7958A35120F0B55A00DC9C02 /* Sources */,
				7958A35220F0B55A00DC9C02 /* Frameworks */,
				7958A35320F0B55A00DC9C02 /* Resources */,
				7958A39820F0B55E00DC9C02 /* Embed Watch Content */,
			);
			buildRules = (
			);
			dependencies = (
				7958A37520F0B55D00DC9C02 /* PBXTargetDependency */,
			);
			name = NDrop;
			productName = NDrop;
			productReference = 7958A35520F0B55B00DC9C02 /* NDrop.app */;
			productType = "com.apple.product-type.application";
		};
		7958A36820F0B55D00DC9C02 /* NDropTests */ = {
			isa = PBXNativeTarget;
			buildConfigurationList = 7958A39C20F0B55E00DC9C02 /* Build configuration list for PBXNativeTarget "NDropTests" */;
			buildPhases = (
				7958A36520F0B55D00DC9C02 /* Sources */,
				7958A36620F0B55D00DC9C02 /* Frameworks */,
				7958A36720F0B55D00DC9C02 /* Resources */,
			);
			buildRules = (
			);
			dependencies = (
				7958A36B20F0B55D00DC9C02 /* PBXTargetDependency */,
			);
			name = NDropTests;
			productName = NDropTests;
			productReference = 7958A36920F0B55D00DC9C02 /* NDropTests.xctest */;
			productType = "com.apple.product-type.bundle.unit-test";
		};
		7958A37120F0B55D00DC9C02 /* NDrop WatchKit App */ = {
			isa = PBXNativeTarget;
			buildConfigurationList = 7958A39520F0B55E00DC9C02 /* Build configuration list for PBXNativeTarget "NDrop WatchKit App" */;
			buildPhases = (
				7958A37020F0B55D00DC9C02 /* Resources */,
				7958A39420F0B55E00DC9C02 /* Embed App Extensions */,
			);
			buildRules = (
			);
			dependencies = (
				7958A38420F0B55E00DC9C02 /* PBXTargetDependency */,
			);
			name = "NDrop WatchKit App";
			productName = "NDrop WatchKit App";
			productReference = 7958A37220F0B55D00DC9C02 /* NDrop WatchKit App.app */;
			productType = "com.apple.product-type.application.watchapp2";
		};
		7958A38020F0B55E00DC9C02 /* NDrop WatchKit Extension */ = {
			isa = PBXNativeTarget;
			buildConfigurationList = 7958A39120F0B55E00DC9C02 /* Build configuration list for PBXNativeTarget "NDrop WatchKit Extension" */;
			buildPhases = (
				7958A37D20F0B55E00DC9C02 /* Sources */,
				7958A37E20F0B55E00DC9C02 /* Frameworks */,
				7958A37F20F0B55E00DC9C02 /* Resources */,
			);
			buildRules = (
			);
			dependencies = (
			);
			name = "NDrop WatchKit Extension";
			productName = "NDrop WatchKit Extension";
			productReference = 7958A38120F0B55E00DC9C02 /* NDrop WatchKit Extension.appex */;
			productType = "com.apple.product-type.watchkit2-extension";
		};
/* End PBXNativeTarget section */

/* Begin PBXProject section */
		7958A34D20F0B55A00DC9C02 /* Project object */ = {
			isa = PBXProject;
			attributes = {
				LastSwiftUpdateCheck = 0940;
				LastUpgradeCheck = 0940;
				ORGANIZATIONNAME = "Michael Frick";
				TargetAttributes = {
					7958A35420F0B55A00DC9C02 = {
						CreatedOnToolsVersion = 9.4.1;
					};
					7958A36820F0B55D00DC9C02 = {
						CreatedOnToolsVersion = 9.4.1;
						TestTargetID = 7958A35420F0B55A00DC9C02;
					};
					7958A37120F0B55D00DC9C02 = {
						CreatedOnToolsVersion = 9.4.1;
					};
					7958A38020F0B55E00DC9C02 = {
						CreatedOnToolsVersion = 9.4.1;
					};
				};
			};
			buildConfigurationList = 7958A35020F0B55A00DC9C02 /* Build configuration list for PBXProject "NDrop" */;
			compatibilityVersion = "Xcode 9.3";
			developmentRegion = en;
			hasScannedForEncodings = 0;
			knownRegions = (
				en,
				Base,
			);
			mainGroup = 7958A34C20F0B55A00DC9C02;
			productRefGroup = 7958A35620F0B55B00DC9C02 /* Products */;
			projectDirPath = "";
			projectRoot = "";
			targets = (
				7958A35420F0B55A00DC9C02 /* NDrop */,
				7958A36820F0B55D00DC9C02 /* NDropTests */,
				7958A37120F0B55D00DC9C02 /* NDrop WatchKit App */,
				7958A38020F0B55E00DC9C02 /* NDrop WatchKit Extension */,
			);
		};
/* End PBXProject section */

/* Begin PBXResourcesBuildPhase section */
		7958A35320F0B55A00DC9C02 /* Resources */ = {
			isa = PBXResourcesBuildPhase;
			buildActionMask = 2147483647;
			files = (
				7958A36320F0B55D00DC9C02 /* LaunchScreen.storyboard in Resources */,
				7958A36020F0B55D00DC9C02 /* Assets.xcassets in Resources */,
				7958A35E20F0B55B00DC9C02 /* Main.storyboard in Resources */,
			);
			runOnlyForDeploymentPostprocessing = 0;
		};
		7958A36720F0B55D00DC9C02 /* Resources */ = {
			isa = PBXResourcesBuildPhase;
			buildActionMask = 2147483647;
			files = (
			);
			runOnlyForDeploymentPostprocessing = 0;
		};
		7958A37020F0B55D00DC9C02 /* Resources */ = {
			isa = PBXResourcesBuildPhase;
			buildActionMask = 2147483647;
			files = (
				7958A37B20F0B55E00DC9C02 /* Assets.xcassets in Resources */,
				7958A37920F0B55D00DC9C02 /* Interface.storyboard in Resources */,
			);
			runOnlyForDeploymentPostprocessing = 0;
		};
		7958A37F20F0B55E00DC9C02 /* Resources */ = {
			isa = PBXResourcesBuildPhase;
			buildActionMask = 2147483647;
			files = (
				7958A38D20F0B55E00DC9C02 /* Assets.xcassets in Resources */,
			);
			runOnlyForDeploymentPostprocessing = 0;
		};
/* End PBXResourcesBuildPhase section */

/* Begin PBXSourcesBuildPhase section */
		7958A35120F0B55A00DC9C02 /* Sources */ = {
			isa = PBXSourcesBuildPhase;
			buildActionMask = 2147483647;
			files = (
				7958A35B20F0B55B00DC9C02 /* ViewController.swift in Sources */,
				7958A35920F0B55B00DC9C02 /* AppDelegate.swift in Sources */,
			);
			runOnlyForDeploymentPostprocessing = 0;
		};
		7958A36520F0B55D00DC9C02 /* Sources */ = {
			isa = PBXSourcesBuildPhase;
			buildActionMask = 2147483647;
			files = (
				7958A36E20F0B55D00DC9C02 /* NDropTests.swift in Sources */,
			);
			runOnlyForDeploymentPostprocessing = 0;
		};
		7958A37D20F0B55E00DC9C02 /* Sources */ = {
			isa = PBXSourcesBuildPhase;
			buildActionMask = 2147483647;
			files = (
				7958A38920F0B55E00DC9C02 /* ExtensionDelegate.swift in Sources */,
				7958A38720F0B55E00DC9C02 /* InterfaceController.swift in Sources */,
				7958A38B20F0B55E00DC9C02 /* ComplicationController.swift in Sources */,
			);
			runOnlyForDeploymentPostprocessing = 0;
		};
/* End PBXSourcesBuildPhase section */

/* Begin PBXTargetDependency section */
		7958A36B20F0B55D00DC9C02 /* PBXTargetDependency */ = {
			isa = PBXTargetDependency;
			target = 7958A35420F0B55A00DC9C02 /* NDrop */;
			targetProxy = 7958A36A20F0B55D00DC9C02 /* PBXContainerItemProxy */;
		};
		7958A37520F0B55D00DC9C02 /* PBXTargetDependency */ = {
			isa = PBXTargetDependency;
			target = 7958A37120F0B55D00DC9C02 /* NDrop WatchKit App */;
			targetProxy = 7958A37420F0B55D00DC9C02 /* PBXContainerItemProxy */;
		};
		7958A38420F0B55E00DC9C02 /* PBXTargetDependency */ = {
			isa = PBXTargetDependency;
			target = 7958A38020F0B55E00DC9C02 /* NDrop WatchKit Extension */;
			targetProxy = 7958A38320F0B55E00DC9C02 /* PBXContainerItemProxy */;
		};
/* End PBXTargetDependency section */

/* Begin PBXVariantGroup section */
		7958A35C20F0B55B00DC9C02 /* Main.storyboard */ = {
			isa = PBXVariantGroup;
			children = (
				7958A35D20F0B55B00DC9C02 /* Base */,
			);
			name = Main.storyboard;
			sourceTree = "<group>";
		};
		7958A36120F0B55D00DC9C02 /* LaunchScreen.storyboard */ = {
			isa = PBXVariantGroup;
			children = (
				7958A36220F0B55D00DC9C02 /* Base */,
			);
			name = LaunchScreen.storyboard;
			sourceTree = "<group>";
		};
		7958A37720F0B55D00DC9C02 /* Interface.storyboard */ = {
			isa = PBXVariantGroup;
			children = (
				7958A37820F0B55D00DC9C02 /* Base */,
			);
			name = Interface.storyboard;
			sourceTree = "<group>";
		};
/* End PBXVariantGroup section */

/* Begin XCBuildConfiguration section */
		7958A38F20F0B55E00DC9C02 /* Debug */ = {
			isa = XCBuildConfiguration;
			buildSettings = {
				ALWAYS_SEARCH_USER_PATHS = NO;
				CLANG_ANALYZER_NONNULL = YES;
				CLANG_ANALYZER_NUMBER_OBJECT_CONVERSION = YES_AGGRESSIVE;
				CLANG_CXX_LANGUAGE_STANDARD = "gnu++14";
				CLANG_CXX_LIBRARY = "libc++";
				CLANG_ENABLE_MODULES = YES;
				CLANG_ENABLE_OBJC_ARC = YES;
				CLANG_ENABLE_OBJC_WEAK = YES;
				CLANG_WARN_BLOCK_CAPTURE_AUTORELEASING = YES;
				CLANG_WARN_BOOL_CONVERSION = YES;
				CLANG_WARN_COMMA = YES;
				CLANG_WARN_CONSTANT_CONVERSION = YES;
				CLANG_WARN_DEPRECATED_OBJC_IMPLEMENTATIONS = YES;
				CLANG_WARN_DIRECT_OBJC_ISA_USAGE = YES_ERROR;
				CLANG_WARN_DOCUMENTATION_COMMENTS = YES;
				CLANG_WARN_EMPTY_BODY = YES;
				CLANG_WARN_ENUM_CONVERSION = YES;
				CLANG_WARN_INFINITE_RECURSION = YES;
				CLANG_WARN_INT_CONVERSION = YES;
				CLANG_WARN_NON_LITERAL_NULL_CONVERSION = YES;
				CLANG_WARN_OBJC_IMPLICIT_RETAIN_SELF = YES;
				CLANG_WARN_OBJC_LITERAL_CONVERSION = YES;
				CLANG_WARN_OBJC_ROOT_CLASS = YES_ERROR;
				CLANG_WARN_RANGE_LOOP_ANALYSIS = YES;
				CLANG_WARN_STRICT_PROTOTYPES = YES;
				CLANG_WARN_SUSPICIOUS_MOVE = YES;
				CLANG_WARN_UNGUARDED_AVAILABILITY = YES_AGGRESSIVE;
				CLANG_WARN_UNREACHABLE_CODE = YES;
				CLANG_WARN__DUPLICATE_METHOD_MATCH = YES;
				CODE_SIGN_IDENTITY = "iPhone Developer";
				COPY_PHASE_STRIP = NO;
				DEBUG_INFORMATION_FORMAT = dwarf;
				ENABLE_STRICT_OBJC_MSGSEND = YES;
				ENABLE_TESTABILITY = YES;
				GCC_C_LANGUAGE_STANDARD = gnu11;
				GCC_DYNAMIC_NO_PIC = NO;
				GCC_NO_COMMON_BLOCKS = YES;
				GCC_OPTIMIZATION_LEVEL = 0;
				GCC_PREPROCESSOR_DEFINITIONS = (
					"DEBUG=1",
					"$(inherited)",
				);
				GCC_WARN_64_TO_32_BIT_CONVERSION = YES;
				GCC_WARN_ABOUT_RETURN_TYPE = YES_ERROR;
				GCC_WARN_UNDECLARED_SELECTOR = YES;
				GCC_WARN_UNINITIALIZED_AUTOS = YES_AGGRESSIVE;
				GCC_WARN_UNUSED_FUNCTION = YES;
				GCC_WARN_UNUSED_VARIABLE = YES;
				IPHONEOS_DEPLOYMENT_TARGET = 11.4;
				MTL_ENABLE_DEBUG_INFO = YES;
				ONLY_ACTIVE_ARCH = YES;
				SDKROOT = iphoneos;
				SWIFT_ACTIVE_COMPILATION_CONDITIONS = DEBUG;
				SWIFT_OPTIMIZATION_LEVEL = "-Onone";
			};
			name = Debug;
		};
		7958A39020F0B55E00DC9C02 /* Release */ = {
			isa = XCBuildConfiguration;
			buildSettings = {
				ALWAYS_SEARCH_USER_PATHS = NO;
				CLANG_ANALYZER_NONNULL = YES;
				CLANG_ANALYZER_NUMBER_OBJECT_CONVERSION = YES_AGGRESSIVE;
				CLANG_CXX_LANGUAGE_STANDARD = "gnu++14";
				CLANG_CXX_LIBRARY = "libc++";
				CLANG_ENABLE_MODULES = YES;
				CLANG_ENABLE_OBJC_ARC = YES;
				CLANG_ENABLE_OBJC_WEAK = YES;
				CLANG_WARN_BLOCK_CAPTURE_AUTORELEASING = YES;
				CLANG_WARN_BOOL_CONVERSION = YES;
				CLANG_WARN_COMMA = YES;
				CLANG_WARN_CONSTANT_CONVERSION = YES;
				CLANG_WARN_DEPRECATED_OBJC_IMPLEMENTATIONS = YES;
				CLANG_WARN_DIRECT_OBJC_ISA_USAGE = YES_ERROR;
				CLANG_WARN_DOCUMENTATION_COMMENTS = YES;
				CLANG_WARN_EMPTY_BODY = YES;
				CLANG_WARN_ENUM_CONVERSION = YES;
				CLANG_WARN_INFINITE_RECURSION = YES;
				CLANG_WARN_INT_CONVERSION = YES;
				CLANG_WARN_NON_LITERAL_NULL_CONVERSION = YES;
				CLANG_WARN_OBJC_IMPLICIT_RETAIN_SELF = YES;
				CLANG_WARN_OBJC_LITERAL_CONVERSION = YES;
				CLANG_WARN_OBJC_ROOT_CLASS = YES_ERROR;
				CLANG_WARN_RANGE_LOOP_ANALYSIS = YES;
				CLANG_WARN_STRICT_PROTOTYPES = YES;
				CLANG_WARN_SUSPICIOUS_MOVE = YES;
				CLANG_WARN_UNGUARDED_AVAILABILITY = YES_AGGRESSIVE;
				CLANG_WARN_UNREACHABLE_CODE = YES;
				CLANG_WARN__DUPLICATE_METHOD_MATCH = YES;
				CODE_SIGN_IDENTITY = "iPhone Developer";
				COPY_PHASE_STRIP = NO;
				DEBUG_INFORMATION_FORMAT = "dwarf-with-dsym";
				ENABLE_NS_ASSERTIONS = NO;
				ENABLE_STRICT_OBJC_MSGSEND = YES;
				GCC_C_LANGUAGE_STANDARD = gnu11;
				GCC_NO_COMMON_BLOCKS = YES;
				GCC_WARN_64_TO_32_BIT_CONVERSION = YES;
				GCC_WARN_ABOUT_RETURN_TYPE = YES_ERROR;
				GCC_WARN_UNDECLARED_SELECTOR = YES;
				GCC_WARN_UNINITIALIZED_AUTOS = YES_AGGRESSIVE;
				GCC_WARN_UNUSED_FUNCTION = YES;
				GCC_WARN_UNUSED_VARIABLE = YES;
				IPHONEOS_DEPLOYMENT_TARGET = 11.4;
				MTL_ENABLE_DEBUG_INFO = NO;
				SDKROOT = iphoneos;
				SWIFT_COMPILATION_MODE = wholemodule;
				SWIFT_OPTIMIZATION_LEVEL = "-O";
				VALIDATE_PRODUCT = YES;
			};
			name = Release;
		};
		7958A39220F0B55E00DC9C02 /* Debug */ = {
			isa = XCBuildConfiguration;
			buildSettings = {
				ASSETCATALOG_COMPILER_COMPLICATION_NAME = Complication;
				CODE_SIGN_STYLE = Automatic;
				INFOPLIST_FILE = "NDrop WatchKit Extension/Info.plist";
				LD_RUNPATH_SEARCH_PATHS = (
					"$(inherited)",
					"@executable_path/Frameworks",
					"@executable_path/../../Frameworks",
				);
				PRODUCT_BUNDLE_IDENTIFIER = m.NDrop.watchkitapp.watchkitextension;
				PRODUCT_NAME = "${TARGET_NAME}";
				SDKROOT = watchos;
				SKIP_INSTALL = YES;
				SWIFT_VERSION = 4.0;
				TARGETED_DEVICE_FAMILY = 4;
				WATCHOS_DEPLOYMENT_TARGET = 4.3;
			};
			name = Debug;
		};
		7958A39320F0B55E00DC9C02 /* Release */ = {
			isa = XCBuildConfiguration;
			buildSettings = {
				ASSETCATALOG_COMPILER_COMPLICATION_NAME = Complication;
				CODE_SIGN_STYLE = Automatic;
				INFOPLIST_FILE = "NDrop WatchKit Extension/Info.plist";
				LD_RUNPATH_SEARCH_PATHS = (
					"$(inherited)",
					"@executable_path/Frameworks",
					"@executable_path/../../Frameworks",
				);
				PRODUCT_BUNDLE_IDENTIFIER = m.NDrop.watchkitapp.watchkitextension;
				PRODUCT_NAME = "${TARGET_NAME}";
				SDKROOT = watchos;
				SKIP_INSTALL = YES;
				SWIFT_VERSION = 4.0;
				TARGETED_DEVICE_FAMILY = 4;
				WATCHOS_DEPLOYMENT_TARGET = 4.3;
			};
			name = Release;
		};
		7958A39620F0B55E00DC9C02 /* Debug */ = {
			isa = XCBuildConfiguration;
			buildSettings = {
				ALWAYS_EMBED_SWIFT_STANDARD_LIBRARIES = YES;
				ASSETCATALOG_COMPILER_APPICON_NAME = AppIcon;
				CODE_SIGN_STYLE = Automatic;
				IBSC_MODULE = NDrop_WatchKit_Extension;
				INFOPLIST_FILE = "NDrop WatchKit App/Info.plist";
				PRODUCT_BUNDLE_IDENTIFIER = m.NDrop.watchkitapp;
				PRODUCT_NAME = "$(TARGET_NAME)";
				SDKROOT = watchos;
				SKIP_INSTALL = YES;
				SWIFT_VERSION = 4.0;
				TARGETED_DEVICE_FAMILY = 4;
				WATCHOS_DEPLOYMENT_TARGET = 4.3;
			};
			name = Debug;
		};
		7958A39720F0B55E00DC9C02 /* Release */ = {
			isa = XCBuildConfiguration;
			buildSettings = {
				ALWAYS_EMBED_SWIFT_STANDARD_LIBRARIES = YES;
				ASSETCATALOG_COMPILER_APPICON_NAME = AppIcon;
				CODE_SIGN_STYLE = Automatic;
				IBSC_MODULE = NDrop_WatchKit_Extension;
				INFOPLIST_FILE = "NDrop WatchKit App/Info.plist";
				PRODUCT_BUNDLE_IDENTIFIER = m.NDrop.watchkitapp;
				PRODUCT_NAME = "$(TARGET_NAME)";
				SDKROOT = watchos;
				SKIP_INSTALL = YES;
				SWIFT_VERSION = 4.0;
				TARGETED_DEVICE_FAMILY = 4;
				WATCHOS_DEPLOYMENT_TARGET = 4.3;
			};
			name = Release;
		};
		7958A39A20F0B55E00DC9C02 /* Debug */ = {
			isa = XCBuildConfiguration;
			buildSettings = {
				ASSETCATALOG_COMPILER_APPICON_NAME = AppIcon;
				CODE_SIGN_STYLE = Automatic;
				INFOPLIST_FILE = NDrop/Info.plist;
				LD_RUNPATH_SEARCH_PATHS = (
					"$(inherited)",
					"@executable_path/Frameworks",
				);
				PRODUCT_BUNDLE_IDENTIFIER = m.NDrop;
				PRODUCT_NAME = "$(TARGET_NAME)";
				SWIFT_VERSION = 4.0;
				TARGETED_DEVICE_FAMILY = "1,2";
			};
			name = Debug;
		};
		7958A39B20F0B55E00DC9C02 /* Release */ = {
			isa = XCBuildConfiguration;
			buildSettings = {
				ASSETCATALOG_COMPILER_APPICON_NAME = AppIcon;
				CODE_SIGN_STYLE = Automatic;
				INFOPLIST_FILE = NDrop/Info.plist;
				LD_RUNPATH_SEARCH_PATHS = (
					"$(inherited)",
					"@executable_path/Frameworks",
				);
				PRODUCT_BUNDLE_IDENTIFIER = m.NDrop;
				PRODUCT_NAME = "$(TARGET_NAME)";
				SWIFT_VERSION = 4.0;
				TARGETED_DEVICE_FAMILY = "1,2";
			};
			name = Release;
		};
		7958A39D20F0B55E00DC9C02 /* Debug */ = {
			isa = XCBuildConfiguration;
			buildSettings = {
				ALWAYS_EMBED_SWIFT_STANDARD_LIBRARIES = YES;
				BUNDLE_LOADER = "$(TEST_HOST)";
				CODE_SIGN_STYLE = Automatic;
				INFOPLIST_FILE = NDropTests/Info.plist;
				LD_RUNPATH_SEARCH_PATHS = (
					"$(inherited)",
					"@executable_path/Frameworks",
					"@loader_path/Frameworks",
				);
				PRODUCT_BUNDLE_IDENTIFIER = m.NDropTests;
				PRODUCT_NAME = "$(TARGET_NAME)";
				SWIFT_VERSION = 4.0;
				TARGETED_DEVICE_FAMILY = "1,2";
				TEST_HOST = "$(BUILT_PRODUCTS_DIR)/NDrop.app/NDrop";
			};
			name = Debug;
		};
		7958A39E20F0B55E00DC9C02 /* Release */ = {
			isa = XCBuildConfiguration;
			buildSettings = {
				ALWAYS_EMBED_SWIFT_STANDARD_LIBRARIES = YES;
				BUNDLE_LOADER = "$(TEST_HOST)";
				CODE_SIGN_STYLE = Automatic;
				INFOPLIST_FILE = NDropTests/Info.plist;
				LD_RUNPATH_SEARCH_PATHS = (
					"$(inherited)",
					"@executable_path/Frameworks",
					"@loader_path/Frameworks",
				);
				PRODUCT_BUNDLE_IDENTIFIER = m.NDropTests;
				PRODUCT_NAME = "$(TARGET_NAME)";
				SWIFT_VERSION = 4.0;
				TARGETED_DEVICE_FAMILY = "1,2";
				TEST_HOST = "$(BUILT_PRODUCTS_DIR)/NDrop.app/NDrop";
			};
			name = Release;
		};
/* End XCBuildConfiguration section */

/* Begin XCConfigurationList section */
		7958A35020F0B55A00DC9C02 /* Build configuration list for PBXProject "NDrop" */ = {
			isa = XCConfigurationList;
			buildConfigurations = (
				7958A38F20F0B55E00DC9C02 /* Debug */,
				7958A39020F0B55E00DC9C02 /* Release */,
			);
			defaultConfigurationIsVisible = 0;
			defaultConfigurationName = Release;
		};
		7958A39120F0B55E00DC9C02 /* Build configuration list for PBXNativeTarget "NDrop WatchKit Extension" */ = {
			isa = XCConfigurationList;
			buildConfigurations = (
				7958A39220F0B55E00DC9C02 /* Debug */,
				7958A39320F0B55E00DC9C02 /* Release */,
			);
			defaultConfigurationIsVisible = 0;
			defaultConfigurationName = Release;
		};
		7958A39520F0B55E00DC9C02 /* Build configuration list for PBXNativeTarget "NDrop WatchKit App" */ = {
			isa = XCConfigurationList;
			buildConfigurations = (
				7958A39620F0B55E00DC9C02 /* Debug */,
				7958A39720F0B55E00DC9C02 /* Release */,
			);
			defaultConfigurationIsVisible = 0;
			defaultConfigurationName = Release;
		};
		7958A39920F0B55E00DC9C02 /* Build configuration list for PBXNativeTarget "NDrop" */ = {
			isa = XCConfigurationList;
			buildConfigurations = (
				7958A39A20F0B55E00DC9C02 /* Debug */,
				7958A39B20F0B55E00DC9C02 /* Release */,
			);
			defaultConfigurationIsVisible = 0;
			defaultConfigurationName = Release;
		};
		7958A39C20F0B55E00DC9C02 /* Build configuration list for PBXNativeTarget "NDropTests" */ = {
			isa = XCConfigurationList;
			buildConfigurations = (
				7958A39D20F0B55E00DC9C02 /* Debug */,
				7958A39E20F0B55E00DC9C02 /* Release */,
			);
			defaultConfigurationIsVisible = 0;
			defaultConfigurationName = Release;
		};
/* End XCConfigurationList section */
	};
	rootObject = 7958A34D20F0B55A00DC9C02 /* Project object */;
}
